
Microsoft Visual Studio Solution File, Format Version 12.00
# Visual Studio 15
VisualStudioVersion = 15.0.28307.852
MinimumVisualStudioVersion = 10.0.40219.1
Project("{FAE04EC0-301F-11D3-BF4B-00C04F79EFBC}") = "SalesWebMvc", "SalesWebMvc\SalesWebMvc.csproj", "{B33A9719-2595-46E4-9B4D-487772E17691}"
EndProject
Global
	GlobalSection(SolutionConfigurationPlatforms) = preSolution
		Debug|Any CPU = Debug|Any CPU
		Release|Any CPU = Release|Any CPU
	EndGlobalSection
	GlobalSection(ProjectConfigurationPlatforms) = postSolution
		{B33A9719-2595-46E4-9B4D-487772E17691}.Debug|Any CPU.ActiveCfg = Debug|Any CPU
		{B33A9719-2595-46E4-9B4D-487772E17691}.Debug|Any CPU.Build.0 = Debug|Any CPU
		{B33A9719-2595-46E4-9B4D-487772E17691}.Release|Any CPU.ActiveCfg = Release|Any CPU
		{B33A9719-2595-46E4-9B4D-487772E17691}.Release|Any CPU.Build.0 = Release|Any CPU
	EndGlobalSection
	GlobalSection(SolutionProperties) = preSolution
		HideSolutionNode = FALSE
	EndGlobalSection
	GlobalSection(ExtensibilityGlobals) = postSolution
		SolutionGuid = {B432384F-525C-40F7-B210-0F6B91AD8C84}
	EndGlobalSection
EndGlobal
